
Microsoft Visual Studio Solution File, Format Version 12.00
# Visual Studio Version 17
VisualStudioVersion = 17.3.32922.545
MinimumVisualStudioVersion = 10.0.40219.1
Project("{9A19103F-16F7-4668-BE54-9A1E7A4F7556}") = "Thabe.Bot", "Thabe.Bot\Thabe.Bot.csproj", "{72DDABDF-587F-4336-A67B-817C74FC322C}"
EndProject
Project("{9A19103F-16F7-4668-BE54-9A1E7A4F7556}") = "Thabe.Bot.Cloud", "Thabe.Bot.Cloud\Thabe.Bot.Cloud.csproj", "{A8A788E0-C97D-422B-ADD8-30EEC623B622}"
EndProject
Project("{9A19103F-16F7-4668-BE54-9A1E7A4F7556}") = "Thabe.Bot.Console", "Thabe.Bot.Console\Thabe.Bot.Console.csproj", "{B8EBD931-8E74-4157-B406-36C98E5702B6}"
EndProject
Global
	GlobalSection(SolutionConfigurationPlatforms) = preSolution
		Debug|Any CPU = Debug|Any CPU
		Release|Any CPU = Release|Any CPU
	EndGlobalSection
	GlobalSection(ProjectConfigurationPlatforms) = postSolution
		{72DDABDF-587F-4336-A67B-817C74FC322C}.Debug|Any CPU.ActiveCfg = Debug|Any CPU
		{72DDABDF-587F-4336-A67B-817C74FC322C}.Debug|Any CPU.Build.0 = Debug|Any CPU
		{72DDABDF-587F-4336-A67B-817C74FC322C}.Release|Any CPU.ActiveCfg = Release|Any CPU
		{72DDABDF-587F-4336-A67B-817C74FC322C}.Release|Any CPU.Build.0 = Release|Any CPU
		{A8A788E0-C97D-422B-ADD8-30EEC623B622}.Debug|Any CPU.ActiveCfg = Debug|Any CPU
		{A8A788E0-C97D-422B-ADD8-30EEC623B622}.Debug|Any CPU.Build.0 = Debug|Any CPU
		{A8A788E0-C97D-422B-ADD8-30EEC623B622}.Release|Any CPU.ActiveCfg = Release|Any CPU
		{A8A788E0-C97D-422B-ADD8-30EEC623B622}.Release|Any CPU.Build.0 = Release|Any CPU
		{B8EBD931-8E74-4157-B406-36C98E5702B6}.Debug|Any CPU.ActiveCfg = Debug|Any CPU
		{B8EBD931-8E74-4157-B406-36C98E5702B6}.Debug|Any CPU.Build.0 = Debug|Any CPU
		{B8EBD931-8E74-4157-B406-36C98E5702B6}.Release|Any CPU.ActiveCfg = Release|Any CPU
		{B8EBD931-8E74-4157-B406-36C98E5702B6}.Release|Any CPU.Build.0 = Release|Any CPU
	EndGlobalSection
	GlobalSection(SolutionProperties) = preSolution
		HideSolutionNode = FALSE
	EndGlobalSection
	GlobalSection(ExtensibilityGlobals) = postSolution
		SolutionGuid = {F065793F-035F-4961-8AFF-561D80CF048C}
	EndGlobalSection
EndGlobal
